
Microsoft Visual Studio Solution File, Format Version 12.00
# Visual Studio Version 17
VisualStudioVersion = 17.11.35219.272
MinimumVisualStudioVersion = 10.0.40219.1
Project("{FAE04EC0-301F-11D3-BF4B-00C04F79EFBC}") = "MusicCloud.API", "MusicCloud\MusicCloud.API.csproj", "{BEB5E254-1089-4151-9017-05AB9B3218EB}"
EndProject
Global
	GlobalSection(SolutionConfigurationPlatforms) = preSolution
		Debug|Any CPU = Debug|Any CPU
		Release|Any CPU = Release|Any CPU
	EndGlobalSection
	GlobalSection(ProjectConfigurationPlatforms) = postSolution
		{BEB5E254-1089-4151-9017-05AB9B3218EB}.Debug|Any CPU.ActiveCfg = Debug|Any CPU
		{BEB5E254-1089-4151-9017-05AB9B3218EB}.Debug|Any CPU.Build.0 = Debug|Any CPU
		{BEB5E254-1089-4151-9017-05AB9B3218EB}.Release|Any CPU.ActiveCfg = Release|Any CPU
		{BEB5E254-1089-4151-9017-05AB9B3218EB}.Release|Any CPU.Build.0 = Release|Any CPU
	EndGlobalSection
	GlobalSection(SolutionProperties) = preSolution
		HideSolutionNode = FALSE
	EndGlobalSection
	GlobalSection(ExtensibilityGlobals) = postSolution
		SolutionGuid = {5C224878-5914-449C-9747-43D97B42FC40}
	EndGlobalSection
EndGlobal
